// !$*UTF8*$!
{
	archiveVersion = 1;
	classes = {
	};
	objectVersion = 56;
	objects = {

/* Begin PBXBuildFile section */
		29330D8F2C04EFA800368388 /* GoogleService-Info.plist in Resources */ = {isa = PBXBuildFile; fileRef = 29330D8E2C04EFA800368388 /* GoogleService-Info.plist */; };
		29330D922C04F32400368388 /* FirebaseAuth in Frameworks */ = {isa = PBXBuildFile; productRef = 29330D912C04F32400368388 /* FirebaseAuth */; };
		29330D942C04F32400368388 /* FirebaseCrashlytics in Frameworks */ = {isa = PBXBuildFile; productRef = 29330D932C04F32400368388 /* FirebaseCrashlytics */; };
		29330D992C0548C100368388 /* LoginScreen.swift in Sources */ = {isa = PBXBuildFile; fileRef = 29330D982C0548C100368388 /* LoginScreen.swift */; };
		29330D9D2C0549FE00368388 /* LoginVC.swift in Sources */ = {isa = PBXBuildFile; fileRef = 29330D9C2C0549FE00368388 /* LoginVC.swift */; };
		294A92CF2BEAD55F00140C41 /* AppDelegate.swift in Sources */ = {isa = PBXBuildFile; fileRef = 294A92CE2BEAD55F00140C41 /* AppDelegate.swift */; };
		294A92D12BEAD55F00140C41 /* SceneDelegate.swift in Sources */ = {isa = PBXBuildFile; fileRef = 294A92D02BEAD55F00140C41 /* SceneDelegate.swift */; };
		294A92D32BEAD55F00140C41 /* HomeVC.swift in Sources */ = {isa = PBXBuildFile; fileRef = 294A92D22BEAD55F00140C41 /* HomeVC.swift */; };
		294A92D82BEAD56000140C41 /* Assets.xcassets in Resources */ = {isa = PBXBuildFile; fileRef = 294A92D72BEAD56000140C41 /* Assets.xcassets */; };
		294A92DB2BEAD56000140C41 /* LaunchScreen.storyboard in Resources */ = {isa = PBXBuildFile; fileRef = 294A92D92BEAD56000140C41 /* LaunchScreen.storyboard */; };
		294A92E42BEAFA0600140C41 /* HomeScreen.swift in Sources */ = {isa = PBXBuildFile; fileRef = 294A92E32BEAFA0600140C41 /* HomeScreen.swift */; };
		294A92E72BEC185B00140C41 /* UIView + Extension.swift in Sources */ = {isa = PBXBuildFile; fileRef = 294A92E62BEC185B00140C41 /* UIView + Extension.swift */; };
		294A92E92BEC1A0C00140C41 /* UIColor + Extension.swift in Sources */ = {isa = PBXBuildFile; fileRef = 294A92E82BEC1A0C00140C41 /* UIColor + Extension.swift */; };
		294A92EB2BEC204000140C41 /* HomeViewModel.swift in Sources */ = {isa = PBXBuildFile; fileRef = 294A92EA2BEC204000140C41 /* HomeViewModel.swift */; };
		294A92EF2BEC6A9300140C41 /* StoryCardCollectionViewCell.swift in Sources */ = {isa = PBXBuildFile; fileRef = 294A92EE2BEC6A9300140C41 /* StoryCardCollectionViewCell.swift */; };
		294A92F22BED2A9900140C41 /* StoryCardCollectionViewCellScreen.swift in Sources */ = {isa = PBXBuildFile; fileRef = 294A92F12BED2A9900140C41 /* StoryCardCollectionViewCellScreen.swift */; };
		294A92F52BEDAC8900140C41 /* StoryCardViewModel.swift in Sources */ = {isa = PBXBuildFile; fileRef = 294A92F42BEDAC8900140C41 /* StoryCardViewModel.swift */; };
		294A92F82BEDB05000140C41 /* Stories.swift in Sources */ = {isa = PBXBuildFile; fileRef = 294A92F72BEDB05000140C41 /* Stories.swift */; };
		294A92FD2BEEDB3400140C41 /* StoryCollectionViewCell.swift in Sources */ = {isa = PBXBuildFile; fileRef = 294A92FC2BEEDB3400140C41 /* StoryCollectionViewCell.swift */; };
		294A93002BEEDBDB00140C41 /* StoryCollectionViewCellScreen.swift in Sources */ = {isa = PBXBuildFile; fileRef = 294A92FF2BEEDBDB00140C41 /* StoryCollectionViewCellScreen.swift */; };
		294A93052BF190CC00140C41 /* PostCardCollectionViewCell.swift in Sources */ = {isa = PBXBuildFile; fileRef = 294A93042BF190CC00140C41 /* PostCardCollectionViewCell.swift */; };
		294A93082BF1911B00140C41 /* PostCardCollectionViewCellScreen.swift in Sources */ = {isa = PBXBuildFile; fileRef = 294A93072BF1911B00140C41 /* PostCardCollectionViewCellScreen.swift */; };
		294A930A2BF2401500140C41 /* Posts.swift in Sources */ = {isa = PBXBuildFile; fileRef = 294A93092BF2401500140C41 /* Posts.swift */; };
		294A930D2BF2439200140C41 /* PostCardViewModel.swift in Sources */ = {isa = PBXBuildFile; fileRef = 294A930C2BF2439200140C41 /* PostCardViewModel.swift */; };
		294A93102BF2492800140C41 /* PostCollectionViewCell.swift in Sources */ = {isa = PBXBuildFile; fileRef = 294A930F2BF2492800140C41 /* PostCollectionViewCell.swift */; };
		294A93132BF2498100140C41 /* PostCollectionViewCellScreen.swift in Sources */ = {isa = PBXBuildFile; fileRef = 294A93122BF2498100140C41 /* PostCollectionViewCellScreen.swift */; };
/* End PBXBuildFile section */

/* Begin PBXFileReference section */
		29330D8E2C04EFA800368388 /* GoogleService-Info.plist */ = {isa = PBXFileReference; fileEncoding = 4; lastKnownFileType = text.plist.xml; path = "GoogleService-Info.plist"; sourceTree = "<group>"; };
		29330D982C0548C100368388 /* LoginScreen.swift */ = {isa = PBXFileReference; lastKnownFileType = sourcecode.swift; path = LoginScreen.swift; sourceTree = "<group>"; };
		29330D9C2C0549FE00368388 /* LoginVC.swift */ = {isa = PBXFileReference; lastKnownFileType = sourcecode.swift; path = LoginVC.swift; sourceTree = "<group>"; };
		294A92CB2BEAD55F00140C41 /* primeiroAppMVVM.app */ = {isa = PBXFileReference; explicitFileType = wrapper.application; includeInIndex = 0; path = primeiroAppMVVM.app; sourceTree = BUILT_PRODUCTS_DIR; };
		294A92CE2BEAD55F00140C41 /* AppDelegate.swift */ = {isa = PBXFileReference; lastKnownFileType = sourcecode.swift; path = AppDelegate.swift; sourceTree = "<group>"; };
		294A92D02BEAD55F00140C41 /* SceneDelegate.swift */ = {isa = PBXFileReference; lastKnownFileType = sourcecode.swift; path = SceneDelegate.swift; sourceTree = "<group>"; };
		294A92D22BEAD55F00140C41 /* HomeVC.swift */ = {isa = PBXFileReference; lastKnownFileType = sourcecode.swift; path = HomeVC.swift; sourceTree = "<group>"; };
		294A92D72BEAD56000140C41 /* Assets.xcassets */ = {isa = PBXFileReference; lastKnownFileType = folder.assetcatalog; path = Assets.xcassets; sourceTree = "<group>"; };
		294A92DA2BEAD56000140C41 /* Base */ = {isa = PBXFileReference; lastKnownFileType = file.storyboard; name = Base; path = Base.lproj/LaunchScreen.storyboard; sourceTree = "<group>"; };
		294A92DC2BEAD56000140C41 /* Info.plist */ = {isa = PBXFileReference; lastKnownFileType = text.plist.xml; path = Info.plist; sourceTree = "<group>"; };
		294A92E32BEAFA0600140C41 /* HomeScreen.swift */ = {isa = PBXFileReference; lastKnownFileType = sourcecode.swift; path = HomeScreen.swift; sourceTree = "<group>"; };
		294A92E62BEC185B00140C41 /* UIView + Extension.swift */ = {isa = PBXFileReference; lastKnownFileType = sourcecode.swift; path = "UIView + Extension.swift"; sourceTree = "<group>"; };
		294A92E82BEC1A0C00140C41 /* UIColor + Extension.swift */ = {isa = PBXFileReference; lastKnownFileType = sourcecode.swift; path = "UIColor + Extension.swift"; sourceTree = "<group>"; };
		294A92EA2BEC204000140C41 /* HomeViewModel.swift */ = {isa = PBXFileReference; lastKnownFileType = sourcecode.swift; path = HomeViewModel.swift; sourceTree = "<group>"; };
		294A92EE2BEC6A9300140C41 /* StoryCardCollectionViewCell.swift */ = {isa = PBXFileReference; lastKnownFileType = sourcecode.swift; path = StoryCardCollectionViewCell.swift; sourceTree = "<group>"; };
		294A92F12BED2A9900140C41 /* StoryCardCollectionViewCellScreen.swift */ = {isa = PBXFileReference; lastKnownFileType = sourcecode.swift; path = StoryCardCollectionViewCellScreen.swift; sourceTree = "<group>"; };
		294A92F42BEDAC8900140C41 /* StoryCardViewModel.swift */ = {isa = PBXFileReference; lastKnownFileType = sourcecode.swift; path = StoryCardViewModel.swift; sourceTree = "<group>"; };
		294A92F72BEDB05000140C41 /* Stories.swift */ = {isa = PBXFileReference; lastKnownFileType = sourcecode.swift; path = Stories.swift; sourceTree = "<group>"; };
		294A92FC2BEEDB3400140C41 /* StoryCollectionViewCell.swift */ = {isa = PBXFileReference; lastKnownFileType = sourcecode.swift; path = StoryCollectionViewCell.swift; sourceTree = "<group>"; };
		294A92FF2BEEDBDB00140C41 /* StoryCollectionViewCellScreen.swift */ = {isa = PBXFileReference; lastKnownFileType = sourcecode.swift; path = StoryCollectionViewCellScreen.swift; sourceTree = "<group>"; };
		294A93042BF190CC00140C41 /* PostCardCollectionViewCell.swift */ = {isa = PBXFileReference; lastKnownFileType = sourcecode.swift; path = PostCardCollectionViewCell.swift; sourceTree = "<group>"; };
		294A93072BF1911B00140C41 /* PostCardCollectionViewCellScreen.swift */ = {isa = PBXFileReference; lastKnownFileType = sourcecode.swift; path = PostCardCollectionViewCellScreen.swift; sourceTree = "<group>"; };
		294A93092BF2401500140C41 /* Posts.swift */ = {isa = PBXFileReference; lastKnownFileType = sourcecode.swift; path = Posts.swift; sourceTree = "<group>"; };
		294A930C2BF2439200140C41 /* PostCardViewModel.swift */ = {isa = PBXFileReference; lastKnownFileType = sourcecode.swift; path = PostCardViewModel.swift; sourceTree = "<group>"; };
		294A930F2BF2492800140C41 /* PostCollectionViewCell.swift */ = {isa = PBXFileReference; lastKnownFileType = sourcecode.swift; path = PostCollectionViewCell.swift; sourceTree = "<group>"; };
		294A93122BF2498100140C41 /* PostCollectionViewCellScreen.swift */ = {isa = PBXFileReference; lastKnownFileType = sourcecode.swift; path = PostCollectionViewCellScreen.swift; sourceTree = "<group>"; };
/* End PBXFileReference section */

/* Begin PBXFrameworksBuildPhase section */
		294A92C82BEAD55F00140C41 /* Frameworks */ = {
			isa = PBXFrameworksBuildPhase;
			buildActionMask = 2147483647;
			files = (
				29330D922C04F32400368388 /* FirebaseAuth in Frameworks */,
				29330D942C04F32400368388 /* FirebaseCrashlytics in Frameworks */,
			);
			runOnlyForDeploymentPostprocessing = 0;
		};
/* End PBXFrameworksBuildPhase section */

/* Begin PBXGroup section */
		29330D952C05488000368388 /* Login */ = {
			isa = PBXGroup;
			children = (
				29330D972C0548A500368388 /* Screen */,
				29330D962C05489B00368388 /* VC */,
			);
			path = Login;
			sourceTree = "<group>";
		};
		29330D962C05489B00368388 /* VC */ = {
			isa = PBXGroup;
			children = (
				29330D982C0548C100368388 /* LoginScreen.swift */,
			);
			path = VC;
			sourceTree = "<group>";
		};
		29330D972C0548A500368388 /* Screen */ = {
			isa = PBXGroup;
			children = (
				29330D9C2C0549FE00368388 /* LoginVC.swift */,
			);
			path = Screen;
			sourceTree = "<group>";
		};
		294A92C22BEAD55F00140C41 = {
			isa = PBXGroup;
			children = (
				294A92CD2BEAD55F00140C41 /* primeiroAppMVVM */,
				294A92CC2BEAD55F00140C41 /* Products */,
			);
			sourceTree = "<group>";
		};
		294A92CC2BEAD55F00140C41 /* Products */ = {
			isa = PBXGroup;
			children = (
				294A92CB2BEAD55F00140C41 /* primeiroAppMVVM.app */,
			);
			name = Products;
			sourceTree = "<group>";
		};
		294A92CD2BEAD55F00140C41 /* primeiroAppMVVM */ = {
			isa = PBXGroup;
			children = (
				29330D952C05488000368388 /* Login */,
				294A92F62BEDB03B00140C41 /* Model */,
				294A92E52BEC183200140C41 /* Extension */,
				294A92E22BEAF59C00140C41 /* HomeVC */,
				294A92CE2BEAD55F00140C41 /* AppDelegate.swift */,
				294A92D02BEAD55F00140C41 /* SceneDelegate.swift */,
				294A92D72BEAD56000140C41 /* Assets.xcassets */,
				29330D8E2C04EFA800368388 /* GoogleService-Info.plist */,
				294A92D92BEAD56000140C41 /* LaunchScreen.storyboard */,
				294A92DC2BEAD56000140C41 /* Info.plist */,
			);
			path = primeiroAppMVVM;
			sourceTree = "<group>";
		};
		294A92E22BEAF59C00140C41 /* HomeVC */ = {
			isa = PBXGroup;
			children = (
				294A92EC2BEC6A0200140C41 /* Cell */,
				294A92FA2BEDB0B900140C41 /* ViewModel */,
				294A92F92BEDB0AD00140C41 /* Screen */,
				294A92D22BEAD55F00140C41 /* HomeVC.swift */,
			);
			path = HomeVC;
			sourceTree = "<group>";
		};
		294A92E52BEC183200140C41 /* Extension */ = {
			isa = PBXGroup;
			children = (
				294A92E62BEC185B00140C41 /* UIView + Extension.swift */,
				294A92E82BEC1A0C00140C41 /* UIColor + Extension.swift */,
			);
			path = Extension;
			sourceTree = "<group>";
		};
		294A92EC2BEC6A0200140C41 /* Cell */ = {
			isa = PBXGroup;
			children = (
				294A93022BF1907700140C41 /* Post */,
				294A93012BF1905B00140C41 /* Story */,
			);
			path = Cell;
			sourceTree = "<group>";
		};
		294A92ED2BEC6A1A00140C41 /* StoryCardCollectionViewCell */ = {
			isa = PBXGroup;
			children = (
				294A92F32BEDAC5C00140C41 /* ViewModel */,
				294A92F02BED2A6800140C41 /* Screen */,
				294A92EE2BEC6A9300140C41 /* StoryCardCollectionViewCell.swift */,
			);
			path = StoryCardCollectionViewCell;
			sourceTree = "<group>";
		};
		294A92F02BED2A6800140C41 /* Screen */ = {
			isa = PBXGroup;
			children = (
				294A92F12BED2A9900140C41 /* StoryCardCollectionViewCellScreen.swift */,
			);
			path = Screen;
			sourceTree = "<group>";
		};
		294A92F32BEDAC5C00140C41 /* ViewModel */ = {
			isa = PBXGroup;
			children = (
				294A92F42BEDAC8900140C41 /* StoryCardViewModel.swift */,
			);
			path = ViewModel;
			sourceTree = "<group>";
		};
		294A92F62BEDB03B00140C41 /* Model */ = {
			isa = PBXGroup;
			children = (
				294A92F72BEDB05000140C41 /* Stories.swift */,
				294A93092BF2401500140C41 /* Posts.swift */,
			);
			path = Model;
			sourceTree = "<group>";
		};
		294A92F92BEDB0AD00140C41 /* Screen */ = {
			isa = PBXGroup;
			children = (
				294A92E32BEAFA0600140C41 /* HomeScreen.swift */,
			);
			path = Screen;
			sourceTree = "<group>";
		};
		294A92FA2BEDB0B900140C41 /* ViewModel */ = {
			isa = PBXGroup;
			children = (
				294A92EA2BEC204000140C41 /* HomeViewModel.swift */,
			);
			path = ViewModel;
			sourceTree = "<group>";
		};
		294A92FB2BEEDB0C00140C41 /* StoryCollectionViewCell */ = {
			isa = PBXGroup;
			children = (
				294A92FE2BEEDBB400140C41 /* Screen */,
				294A92FC2BEEDB3400140C41 /* StoryCollectionViewCell.swift */,
			);
			path = StoryCollectionViewCell;
			sourceTree = "<group>";
		};
		294A92FE2BEEDBB400140C41 /* Screen */ = {
			isa = PBXGroup;
			children = (
				294A92FF2BEEDBDB00140C41 /* StoryCollectionViewCellScreen.swift */,
			);
			path = Screen;
			sourceTree = "<group>";
		};
		294A93012BF1905B00140C41 /* Story */ = {
			isa = PBXGroup;
			children = (
				294A92FB2BEEDB0C00140C41 /* StoryCollectionViewCell */,
				294A92ED2BEC6A1A00140C41 /* StoryCardCollectionViewCell */,
			);
			path = Story;
			sourceTree = "<group>";
		};
		294A93022BF1907700140C41 /* Post */ = {
			isa = PBXGroup;
			children = (
				294A930E2BF248F500140C41 /* PostCollectionViewCell */,
				294A93032BF1909200140C41 /* PostCardCollectionViewCell */,
			);
			path = Post;
			sourceTree = "<group>";
		};
		294A93032BF1909200140C41 /* PostCardCollectionViewCell */ = {
			isa = PBXGroup;
			children = (
				294A930B2BF2433E00140C41 /* ViewModel */,
				294A93062BF1910000140C41 /* Screen */,
				294A93042BF190CC00140C41 /* PostCardCollectionViewCell.swift */,
			);
			path = PostCardCollectionViewCell;
			sourceTree = "<group>";
		};
		294A93062BF1910000140C41 /* Screen */ = {
			isa = PBXGroup;
			children = (
				294A93072BF1911B00140C41 /* PostCardCollectionViewCellScreen.swift */,
			);
			path = Screen;
			sourceTree = "<group>";
		};
		294A930B2BF2433E00140C41 /* ViewModel */ = {
			isa = PBXGroup;
			children = (
				294A930C2BF2439200140C41 /* PostCardViewModel.swift */,
			);
			path = ViewModel;
			sourceTree = "<group>";
		};
		294A930E2BF248F500140C41 /* PostCollectionViewCell */ = {
			isa = PBXGroup;
			children = (
				294A93112BF2496200140C41 /* Screen */,
				294A930F2BF2492800140C41 /* PostCollectionViewCell.swift */,
			);
			path = PostCollectionViewCell;
			sourceTree = "<group>";
		};
		294A93112BF2496200140C41 /* Screen */ = {
			isa = PBXGroup;
			children = (
				294A93122BF2498100140C41 /* PostCollectionViewCellScreen.swift */,
			);
			path = Screen;
			sourceTree = "<group>";
		};
/* End PBXGroup section */

/* Begin PBXNativeTarget section */
		294A92CA2BEAD55F00140C41 /* primeiroAppMVVM */ = {
			isa = PBXNativeTarget;
			buildConfigurationList = 294A92DF2BEAD56000140C41 /* Build configuration list for PBXNativeTarget "primeiroAppMVVM" */;
			buildPhases = (
				294A92C72BEAD55F00140C41 /* Sources */,
				294A92C82BEAD55F00140C41 /* Frameworks */,
				294A92C92BEAD55F00140C41 /* Resources */,
			);
			buildRules = (
			);
			dependencies = (
			);
			name = primeiroAppMVVM;
			packageProductDependencies = (
				29330D912C04F32400368388 /* FirebaseAuth */,
				29330D932C04F32400368388 /* FirebaseCrashlytics */,
			);
			productName = primeiroAppMVVM;
			productReference = 294A92CB2BEAD55F00140C41 /* primeiroAppMVVM.app */;
			productType = "com.apple.product-type.application";
		};
/* End PBXNativeTarget section */

/* Begin PBXProject section */
		294A92C32BEAD55F00140C41 /* Project object */ = {
			isa = PBXProject;
			attributes = {
				BuildIndependentTargetsInParallel = 1;
				LastSwiftUpdateCheck = 1430;
				LastUpgradeCheck = 1430;
				TargetAttributes = {
					294A92CA2BEAD55F00140C41 = {
						CreatedOnToolsVersion = 14.3.1;
					};
				};
			};
			buildConfigurationList = 294A92C62BEAD55F00140C41 /* Build configuration list for PBXProject "primeiroAppMVVM" */;
			compatibilityVersion = "Xcode 14.0";
			developmentRegion = en;
			hasScannedForEncodings = 0;
			knownRegions = (
				en,
				Base,
			);
			mainGroup = 294A92C22BEAD55F00140C41;
			packageReferences = (
				29330D902C04F32400368388 /* XCRemoteSwiftPackageReference "firebase-ios-sdk" */,
			);
			productRefGroup = 294A92CC2BEAD55F00140C41 /* Products */;
			projectDirPath = "";
			projectRoot = "";
			targets = (
				294A92CA2BEAD55F00140C41 /* primeiroAppMVVM */,
			);
		};
/* End PBXProject section */

/* Begin PBXResourcesBuildPhase section */
		294A92C92BEAD55F00140C41 /* Resources */ = {
			isa = PBXResourcesBuildPhase;
			buildActionMask = 2147483647;
			files = (
				294A92DB2BEAD56000140C41 /* LaunchScreen.storyboard in Resources */,
				294A92D82BEAD56000140C41 /* Assets.xcassets in Resources */,
				29330D8F2C04EFA800368388 /* GoogleService-Info.plist in Resources */,
			);
			runOnlyForDeploymentPostprocessing = 0;
		};
/* End PBXResourcesBuildPhase section */

/* Begin PBXSourcesBuildPhase section */
		294A92C72BEAD55F00140C41 /* Sources */ = {
			isa = PBXSourcesBuildPhase;
			buildActionMask = 2147483647;
			files = (
				294A92E42BEAFA0600140C41 /* HomeScreen.swift in Sources */,
				294A93132BF2498100140C41 /* PostCollectionViewCellScreen.swift in Sources */,
				294A93002BEEDBDB00140C41 /* StoryCollectionViewCellScreen.swift in Sources */,
				294A93052BF190CC00140C41 /* PostCardCollectionViewCell.swift in Sources */,
				294A92D32BEAD55F00140C41 /* HomeVC.swift in Sources */,
				294A92EF2BEC6A9300140C41 /* StoryCardCollectionViewCell.swift in Sources */,
				294A92EB2BEC204000140C41 /* HomeViewModel.swift in Sources */,
				294A92FD2BEEDB3400140C41 /* StoryCollectionViewCell.swift in Sources */,
				294A92F52BEDAC8900140C41 /* StoryCardViewModel.swift in Sources */,
				29330D992C0548C100368388 /* LoginScreen.swift in Sources */,
				294A93102BF2492800140C41 /* PostCollectionViewCell.swift in Sources */,
				294A930D2BF2439200140C41 /* PostCardViewModel.swift in Sources */,
				294A93082BF1911B00140C41 /* PostCardCollectionViewCellScreen.swift in Sources */,
				294A92F82BEDB05000140C41 /* Stories.swift in Sources */,
				294A92CF2BEAD55F00140C41 /* AppDelegate.swift in Sources */,
				294A92E92BEC1A0C00140C41 /* UIColor + Extension.swift in Sources */,
				294A92E72BEC185B00140C41 /* UIView + Extension.swift in Sources */,
				294A92D12BEAD55F00140C41 /* SceneDelegate.swift in Sources */,
				294A92F22BED2A9900140C41 /* StoryCardCollectionViewCellScreen.swift in Sources */,
				294A930A2BF2401500140C41 /* Posts.swift in Sources */,
				29330D9D2C0549FE00368388 /* LoginVC.swift in Sources */,
			);
			runOnlyForDeploymentPostprocessing = 0;
		};
/* End PBXSourcesBuildPhase section */

/* Begin PBXVariantGroup section */
		294A92D92BEAD56000140C41 /* LaunchScreen.storyboard */ = {
			isa = PBXVariantGroup;
			children = (
				294A92DA2BEAD56000140C41 /* Base */,
			);
			name = LaunchScreen.storyboard;
			sourceTree = "<group>";
		};
/* End PBXVariantGroup section */

/* Begin XCBuildConfiguration section */
		294A92DD2BEAD56000140C41 /* Debug */ = {
			isa = XCBuildConfiguration;
			buildSettings = {
				ALWAYS_SEARCH_USER_PATHS = NO;
				CLANG_ANALYZER_NONNULL = YES;
				CLANG_ANALYZER_NUMBER_OBJECT_CONVERSION = YES_AGGRESSIVE;
				CLANG_CXX_LANGUAGE_STANDARD = "gnu++20";
				CLANG_ENABLE_MODULES = YES;
				CLANG_ENABLE_OBJC_ARC = YES;
				CLANG_ENABLE_OBJC_WEAK = YES;
				CLANG_WARN_BLOCK_CAPTURE_AUTORELEASING = YES;
				CLANG_WARN_BOOL_CONVERSION = YES;
				CLANG_WARN_COMMA = YES;
				CLANG_WARN_CONSTANT_CONVERSION = YES;
				CLANG_WARN_DEPRECATED_OBJC_IMPLEMENTATIONS = YES;
				CLANG_WARN_DIRECT_OBJC_ISA_USAGE = YES_ERROR;
				CLANG_WARN_DOCUMENTATION_COMMENTS = YES;
				CLANG_WARN_EMPTY_BODY = YES;
				CLANG_WARN_ENUM_CONVERSION = YES;
				CLANG_WARN_INFINITE_RECURSION = YES;
				CLANG_WARN_INT_CONVERSION = YES;
				CLANG_WARN_NON_LITERAL_NULL_CONVERSION = YES;
				CLANG_WARN_OBJC_IMPLICIT_RETAIN_SELF = YES;
				CLANG_WARN_OBJC_LITERAL_CONVERSION = YES;
				CLANG_WARN_OBJC_ROOT_CLASS = YES_ERROR;
				CLANG_WARN_QUOTED_INCLUDE_IN_FRAMEWORK_HEADER = YES;
				CLANG_WARN_RANGE_LOOP_ANALYSIS = YES;
				CLANG_WARN_STRICT_PROTOTYPES = YES;
				CLANG_WARN_SUSPICIOUS_MOVE = YES;
				CLANG_WARN_UNGUARDED_AVAILABILITY = YES_AGGRESSIVE;
				CLANG_WARN_UNREACHABLE_CODE = YES;
				CLANG_WARN__DUPLICATE_METHOD_MATCH = YES;
				COPY_PHASE_STRIP = NO;
				DEBUG_INFORMATION_FORMAT = dwarf;
				ENABLE_STRICT_OBJC_MSGSEND = YES;
				ENABLE_TESTABILITY = YES;
				GCC_C_LANGUAGE_STANDARD = gnu11;
				GCC_DYNAMIC_NO_PIC = NO;
				GCC_NO_COMMON_BLOCKS = YES;
				GCC_OPTIMIZATION_LEVEL = 0;
				GCC_PREPROCESSOR_DEFINITIONS = (
					"DEBUG=1",
					"$(inherited)",
				);
				GCC_WARN_64_TO_32_BIT_CONVERSION = YES;
				GCC_WARN_ABOUT_RETURN_TYPE = YES_ERROR;
				GCC_WARN_UNDECLARED_SELECTOR = YES;
				GCC_WARN_UNINITIALIZED_AUTOS = YES_AGGRESSIVE;
				GCC_WARN_UNUSED_FUNCTION = YES;
				GCC_WARN_UNUSED_VARIABLE = YES;
				IPHONEOS_DEPLOYMENT_TARGET = 16.4;
				MTL_ENABLE_DEBUG_INFO = INCLUDE_SOURCE;
				MTL_FAST_MATH = YES;
				ONLY_ACTIVE_ARCH = YES;
				SDKROOT = iphoneos;
				SWIFT_ACTIVE_COMPILATION_CONDITIONS = DEBUG;
				SWIFT_OPTIMIZATION_LEVEL = "-Onone";
			};
			name = Debug;
		};
		294A92DE2BEAD56000140C41 /* Release */ = {
			isa = XCBuildConfiguration;
			buildSettings = {
				ALWAYS_SEARCH_USER_PATHS = NO;
				CLANG_ANALYZER_NONNULL = YES;
				CLANG_ANALYZER_NUMBER_OBJECT_CONVERSION = YES_AGGRESSIVE;
				CLANG_CXX_LANGUAGE_STANDARD = "gnu++20";
				CLANG_ENABLE_MODULES = YES;
				CLANG_ENABLE_OBJC_ARC = YES;
				CLANG_ENABLE_OBJC_WEAK = YES;
				CLANG_WARN_BLOCK_CAPTURE_AUTORELEASING = YES;
				CLANG_WARN_BOOL_CONVERSION = YES;
				CLANG_WARN_COMMA = YES;
				CLANG_WARN_CONSTANT_CONVERSION = YES;
				CLANG_WARN_DEPRECATED_OBJC_IMPLEMENTATIONS = YES;
				CLANG_WARN_DIRECT_OBJC_ISA_USAGE = YES_ERROR;
				CLANG_WARN_DOCUMENTATION_COMMENTS = YES;
				CLANG_WARN_EMPTY_BODY = YES;
				CLANG_WARN_ENUM_CONVERSION = YES;
				CLANG_WARN_INFINITE_RECURSION = YES;
				CLANG_WARN_INT_CONVERSION = YES;
				CLANG_WARN_NON_LITERAL_NULL_CONVERSION = YES;
				CLANG_WARN_OBJC_IMPLICIT_RETAIN_SELF = YES;
				CLANG_WARN_OBJC_LITERAL_CONVERSION = YES;
				CLANG_WARN_OBJC_ROOT_CLASS = YES_ERROR;
				CLANG_WARN_QUOTED_INCLUDE_IN_FRAMEWORK_HEADER = YES;
				CLANG_WARN_RANGE_LOOP_ANALYSIS = YES;
				CLANG_WARN_STRICT_PROTOTYPES = YES;
				CLANG_WARN_SUSPICIOUS_MOVE = YES;
				CLANG_WARN_UNGUARDED_AVAILABILITY = YES_AGGRESSIVE;
				CLANG_WARN_UNREACHABLE_CODE = YES;
				CLANG_WARN__DUPLICATE_METHOD_MATCH = YES;
				COPY_PHASE_STRIP = NO;
				DEBUG_INFORMATION_FORMAT = "dwarf-with-dsym";
				ENABLE_NS_ASSERTIONS = NO;
				ENABLE_STRICT_OBJC_MSGSEND = YES;
				GCC_C_LANGUAGE_STANDARD = gnu11;
				GCC_NO_COMMON_BLOCKS = YES;
				GCC_WARN_64_TO_32_BIT_CONVERSION = YES;
				GCC_WARN_ABOUT_RETURN_TYPE = YES_ERROR;
				GCC_WARN_UNDECLARED_SELECTOR = YES;
				GCC_WARN_UNINITIALIZED_AUTOS = YES_AGGRESSIVE;
				GCC_WARN_UNUSED_FUNCTION = YES;
				GCC_WARN_UNUSED_VARIABLE = YES;
				IPHONEOS_DEPLOYMENT_TARGET = 16.4;
				MTL_ENABLE_DEBUG_INFO = NO;
				MTL_FAST_MATH = YES;
				SDKROOT = iphoneos;
				SWIFT_COMPILATION_MODE = wholemodule;
				SWIFT_OPTIMIZATION_LEVEL = "-O";
				VALIDATE_PRODUCT = YES;
			};
			name = Release;
		};
		294A92E02BEAD56000140C41 /* Debug */ = {
			isa = XCBuildConfiguration;
			buildSettings = {
				ASSETCATALOG_COMPILER_APPICON_NAME = AppIcon;
				ASSETCATALOG_COMPILER_GLOBAL_ACCENT_COLOR_NAME = AccentColor;
				CODE_SIGN_STYLE = Automatic;
				CURRENT_PROJECT_VERSION = 1;
				DEVELOPMENT_TEAM = 96CCUXA5A9;
				GENERATE_INFOPLIST_FILE = YES;
				INFOPLIST_FILE = primeiroAppMVVM/Info.plist;
				INFOPLIST_KEY_UIApplicationSupportsIndirectInputEvents = YES;
				INFOPLIST_KEY_UILaunchStoryboardName = LaunchScreen;
				INFOPLIST_KEY_UIMainStoryboardFile = "";
				INFOPLIST_KEY_UISupportedInterfaceOrientations_iPad = "UIInterfaceOrientationPortrait UIInterfaceOrientationPortraitUpsideDown UIInterfaceOrientationLandscapeLeft UIInterfaceOrientationLandscapeRight";
				INFOPLIST_KEY_UISupportedInterfaceOrientations_iPhone = "UIInterfaceOrientationPortrait UIInterfaceOrientationLandscapeLeft UIInterfaceOrientationLandscapeRight";
				IPHONEOS_DEPLOYMENT_TARGET = 16.4;
				LD_RUNPATH_SEARCH_PATHS = (
					"$(inherited)",
					"@executable_path/Frameworks",
				);
				MARKETING_VERSION = 1.0;
				PRODUCT_BUNDLE_IDENTIFIER = luizrebelatto.primeiroAppMVVM;
				PRODUCT_NAME = "$(TARGET_NAME)";
				SWIFT_EMIT_LOC_STRINGS = YES;
				SWIFT_VERSION = 5.0;
				TARGETED_DEVICE_FAMILY = "1,2";
			};
			name = Debug;
		};
		294A92E12BEAD56000140C41 /* Release */ = {
			isa = XCBuildConfiguration;
			buildSettings = {
				ASSETCATALOG_COMPILER_APPICON_NAME = AppIcon;
				ASSETCATALOG_COMPILER_GLOBAL_ACCENT_COLOR_NAME = AccentColor;
				CODE_SIGN_STYLE = Automatic;
				CURRENT_PROJECT_VERSION = 1;
				DEVELOPMENT_TEAM = 96CCUXA5A9;
				GENERATE_INFOPLIST_FILE = YES;
				INFOPLIST_FILE = primeiroAppMVVM/Info.plist;
				INFOPLIST_KEY_UIApplicationSupportsIndirectInputEvents = YES;
				INFOPLIST_KEY_UILaunchStoryboardName = LaunchScreen;
				INFOPLIST_KEY_UIMainStoryboardFile = "";
				INFOPLIST_KEY_UISupportedInterfaceOrientations_iPad = "UIInterfaceOrientationPortrait UIInterfaceOrientationPortraitUpsideDown UIInterfaceOrientationLandscapeLeft UIInterfaceOrientationLandscapeRight";
				INFOPLIST_KEY_UISupportedInterfaceOrientations_iPhone = "UIInterfaceOrientationPortrait UIInterfaceOrientationLandscapeLeft UIInterfaceOrientationLandscapeRight";
				IPHONEOS_DEPLOYMENT_TARGET = 16.4;
				LD_RUNPATH_SEARCH_PATHS = (
					"$(inherited)",
					"@executable_path/Frameworks",
				);
				MARKETING_VERSION = 1.0;
				PRODUCT_BUNDLE_IDENTIFIER = luizrebelatto.primeiroAppMVVM;
				PRODUCT_NAME = "$(TARGET_NAME)";
				SWIFT_EMIT_LOC_STRINGS = YES;
				SWIFT_VERSION = 5.0;
				TARGETED_DEVICE_FAMILY = "1,2";
			};
			name = Release;
		};
/* End XCBuildConfiguration section */

/* Begin XCConfigurationList section */
		294A92C62BEAD55F00140C41 /* Build configuration list for PBXProject "primeiroAppMVVM" */ = {
			isa = XCConfigurationList;
			buildConfigurations = (
				294A92DD2BEAD56000140C41 /* Debug */,
				294A92DE2BEAD56000140C41 /* Release */,
			);
			defaultConfigurationIsVisible = 0;
			defaultConfigurationName = Release;
		};
		294A92DF2BEAD56000140C41 /* Build configuration list for PBXNativeTarget "primeiroAppMVVM" */ = {
			isa = XCConfigurationList;
			buildConfigurations = (
				294A92E02BEAD56000140C41 /* Debug */,
				294A92E12BEAD56000140C41 /* Release */,
			);
			defaultConfigurationIsVisible = 0;
			defaultConfigurationName = Release;
		};
/* End XCConfigurationList section */

/* Begin XCRemoteSwiftPackageReference section */
		29330D902C04F32400368388 /* XCRemoteSwiftPackageReference "firebase-ios-sdk" */ = {
			isa = XCRemoteSwiftPackageReference;
			repositoryURL = "https://github.com/firebase/firebase-ios-sdk";
			requirement = {
				kind = upToNextMajorVersion;
				minimumVersion = 10.26.0;
			};
		};
/* End XCRemoteSwiftPackageReference section */

/* Begin XCSwiftPackageProductDependency section */
		29330D912C04F32400368388 /* FirebaseAuth */ = {
			isa = XCSwiftPackageProductDependency;
			package = 29330D902C04F32400368388 /* XCRemoteSwiftPackageReference "firebase-ios-sdk" */;
			productName = FirebaseAuth;
		};
		29330D932C04F32400368388 /* FirebaseCrashlytics */ = {
			isa = XCSwiftPackageProductDependency;
			package = 29330D902C04F32400368388 /* XCRemoteSwiftPackageReference "firebase-ios-sdk" */;
			productName = FirebaseCrashlytics;
		};
/* End XCSwiftPackageProductDependency section */
	};
	rootObject = 294A92C32BEAD55F00140C41 /* Project object */;
}
